// !$*UTF8*$!
{
	archiveVersion = 1;
	classes = {
	};
	objectVersion = 56;
	objects = {

/* Begin PBXBuildFile section */
		EB6080A92B79B9260092D51E /* Neptune.usdz in Resources */ = {isa = PBXBuildFile; fileRef = EB6080A82B79B9260092D51E /* Neptune.usdz */; };
		EB6080AB2B79D0310092D51E /* DragGestureView.swift in Sources */ = {isa = PBXBuildFile; fileRef = EB6080AA2B79D0310092D51E /* DragGestureView.swift */; };
		EB6080AD2B79D0870092D51E /* HoverEffectView.swift in Sources */ = {isa = PBXBuildFile; fileRef = EB6080AC2B79D0870092D51E /* HoverEffectView.swift */; };
		EB6080B02B79FA810092D51E /* ModelHoverEffectView.swift in Sources */ = {isa = PBXBuildFile; fileRef = EB6080AF2B79FA810092D51E /* ModelHoverEffectView.swift */; };
		EB6080B22B79FB780092D51E /* Earth.usdz in Resources */ = {isa = PBXBuildFile; fileRef = EB6080B12B79FB780092D51E /* Earth.usdz */; };
		EBD67BBB2B78B8EB006C3886 /* RealityKitContent in Frameworks */ = {isa = PBXBuildFile; productRef = EBD67BBA2B78B8EB006C3886 /* RealityKitContent */; };
		EBD67BBD2B78B8EB006C3886 /* GetPositionApp.swift in Sources */ = {isa = PBXBuildFile; fileRef = EBD67BBC2B78B8EB006C3886 /* GetPositionApp.swift */; };
		EBD67BBF2B78B8EB006C3886 /* ContentView.swift in Sources */ = {isa = PBXBuildFile; fileRef = EBD67BBE2B78B8EB006C3886 /* ContentView.swift */; };
		EBD67BC12B78B8EC006C3886 /* Assets.xcassets in Resources */ = {isa = PBXBuildFile; fileRef = EBD67BC02B78B8EC006C3886 /* Assets.xcassets */; };
		EBD67BC42B78B8EC006C3886 /* Preview Assets.xcassets in Resources */ = {isa = PBXBuildFile; fileRef = EBD67BC32B78B8EC006C3886 /* Preview Assets.xcassets */; };
		EBD67BCC2B78BA0C006C3886 /* GetPointView.swift in Sources */ = {isa = PBXBuildFile; fileRef = EBD67BCB2B78BA0C006C3886 /* GetPointView.swift */; };
/* End PBXBuildFile section */

/* Begin PBXFileReference section */
		EB6080A82B79B9260092D51E /* Neptune.usdz */ = {isa = PBXFileReference; lastKnownFileType = file.usdz; name = Neptune.usdz; path = GetPosition/Assets/Neptune.usdz; sourceTree = SOURCE_ROOT; };
		EB6080AA2B79D0310092D51E /* DragGestureView.swift */ = {isa = PBXFileReference; lastKnownFileType = sourcecode.swift; path = DragGestureView.swift; sourceTree = "<group>"; };
		EB6080AC2B79D0870092D51E /* HoverEffectView.swift */ = {isa = PBXFileReference; lastKnownFileType = sourcecode.swift; path = HoverEffectView.swift; sourceTree = "<group>"; };
		EB6080AF2B79FA810092D51E /* ModelHoverEffectView.swift */ = {isa = PBXFileReference; lastKnownFileType = sourcecode.swift; path = ModelHoverEffectView.swift; sourceTree = "<group>"; };
		EB6080B12B79FB780092D51E /* Earth.usdz */ = {isa = PBXFileReference; lastKnownFileType = file.usdz; name = Earth.usdz; path = Packages/RealityKitContent/Sources/RealityKitContent/RealityKitContent.rkassets/Earth.usdz; sourceTree = SOURCE_ROOT; };
		EBD67BB52B78B8EB006C3886 /* GetPosition.app */ = {isa = PBXFileReference; explicitFileType = wrapper.application; includeInIndex = 0; path = GetPosition.app; sourceTree = BUILT_PRODUCTS_DIR; };
		EBD67BB92B78B8EB006C3886 /* RealityKitContent */ = {isa = PBXFileReference; lastKnownFileType = wrapper; path = RealityKitContent; sourceTree = "<group>"; };
		EBD67BBC2B78B8EB006C3886 /* GetPositionApp.swift */ = {isa = PBXFileReference; lastKnownFileType = sourcecode.swift; path = GetPositionApp.swift; sourceTree = "<group>"; };
		EBD67BBE2B78B8EB006C3886 /* ContentView.swift */ = {isa = PBXFileReference; lastKnownFileType = sourcecode.swift; path = ContentView.swift; sourceTree = "<group>"; };
		EBD67BC02B78B8EC006C3886 /* Assets.xcassets */ = {isa = PBXFileReference; lastKnownFileType = folder.assetcatalog; path = Assets.xcassets; sourceTree = "<group>"; };
		EBD67BC32B78B8EC006C3886 /* Preview Assets.xcassets */ = {isa = PBXFileReference; lastKnownFileType = folder.assetcatalog; path = "Preview Assets.xcassets"; sourceTree = "<group>"; };
		EBD67BC52B78B8EC006C3886 /* Info.plist */ = {isa = PBXFileReference; lastKnownFileType = text.plist.xml; path = Info.plist; sourceTree = "<group>"; };
		EBD67BCB2B78BA0C006C3886 /* GetPointView.swift */ = {isa = PBXFileReference; lastKnownFileType = sourcecode.swift; path = GetPointView.swift; sourceTree = "<group>"; };
/* End PBXFileReference section */

/* Begin PBXFrameworksBuildPhase section */
		EBD67BB22B78B8EB006C3886 /* Frameworks */ = {
			isa = PBXFrameworksBuildPhase;
			buildActionMask = 2147483647;
			files = (
				EBD67BBB2B78B8EB006C3886 /* RealityKitContent in Frameworks */,
			);
			runOnlyForDeploymentPostprocessing = 0;
		};
/* End PBXFrameworksBuildPhase section */

/* Begin PBXGroup section */
		EB6080AE2B79F8210092D51E /* Assets */ = {
			isa = PBXGroup;
			children = (
				EB6080B12B79FB780092D51E /* Earth.usdz */,
				EB6080A82B79B9260092D51E /* Neptune.usdz */,
			);
			path = Assets;
			sourceTree = "<group>";
		};
		EBD67BAC2B78B8EB006C3886 = {
			isa = PBXGroup;
			children = (
				EBD67BB72B78B8EB006C3886 /* GetPosition */,
				EBD67BB82B78B8EB006C3886 /* Packages */,
				EBD67BB62B78B8EB006C3886 /* Products */,
			);
			sourceTree = "<group>";
		};
		EBD67BB62B78B8EB006C3886 /* Products */ = {
			isa = PBXGroup;
			children = (
				EBD67BB52B78B8EB006C3886 /* GetPosition.app */,
			);
			name = Products;
			sourceTree = "<group>";
		};
		EBD67BB72B78B8EB006C3886 /* GetPosition */ = {
			isa = PBXGroup;
			children = (
				EB6080AE2B79F8210092D51E /* Assets */,
				EBD67BBC2B78B8EB006C3886 /* GetPositionApp.swift */,
				EB6080AA2B79D0310092D51E /* DragGestureView.swift */,
				EBD67BBE2B78B8EB006C3886 /* ContentView.swift */,
				EB6080AC2B79D0870092D51E /* HoverEffectView.swift */,
				EBD67BCB2B78BA0C006C3886 /* GetPointView.swift */,
				EB6080AF2B79FA810092D51E /* ModelHoverEffectView.swift */,
				EBD67BC02B78B8EC006C3886 /* Assets.xcassets */,
				EBD67BC52B78B8EC006C3886 /* Info.plist */,
				EBD67BC22B78B8EC006C3886 /* Preview Content */,
			);
			path = GetPosition;
			sourceTree = "<group>";
		};
		EBD67BB82B78B8EB006C3886 /* Packages */ = {
			isa = PBXGroup;
			children = (
				EBD67BB92B78B8EB006C3886 /* RealityKitContent */,
			);
			path = Packages;
			sourceTree = "<group>";
		};
		EBD67BC22B78B8EC006C3886 /* Preview Content */ = {
			isa = PBXGroup;
			children = (
				EBD67BC32B78B8EC006C3886 /* Preview Assets.xcassets */,
			);
			path = "Preview Content";
			sourceTree = "<group>";
		};
/* End PBXGroup section */

/* Begin PBXNativeTarget section */
		EBD67BB42B78B8EB006C3886 /* GetPosition */ = {
			isa = PBXNativeTarget;
			buildConfigurationList = EBD67BC82B78B8EC006C3886 /* Build configuration list for PBXNativeTarget "GetPosition" */;
			buildPhases = (
				EBD67BB12B78B8EB006C3886 /* Sources */,
				EBD67BB22B78B8EB006C3886 /* Frameworks */,
				EBD67BB32B78B8EB006C3886 /* Resources */,
			);
			buildRules = (
			);
			dependencies = (
			);
			name = GetPosition;
			packageProductDependencies = (
				EBD67BBA2B78B8EB006C3886 /* RealityKitContent */,
			);
			productName = GetPosition;
			productReference = EBD67BB52B78B8EB006C3886 /* GetPosition.app */;
			productType = "com.apple.product-type.application";
		};
/* End PBXNativeTarget section */

/* Begin PBXProject section */
		EBD67BAD2B78B8EB006C3886 /* Project object */ = {
			isa = PBXProject;
			attributes = {
				BuildIndependentTargetsInParallel = 1;
				LastSwiftUpdateCheck = 1520;
				LastUpgradeCheck = 1520;
				TargetAttributes = {
					EBD67BB42B78B8EB006C3886 = {
						CreatedOnToolsVersion = 15.2;
					};
				};
			};
			buildConfigurationList = EBD67BB02B78B8EB006C3886 /* Build configuration list for PBXProject "GetPosition" */;
			compatibilityVersion = "Xcode 14.0";
			developmentRegion = en;
			hasScannedForEncodings = 0;
			knownRegions = (
				en,
				Base,
			);
			mainGroup = EBD67BAC2B78B8EB006C3886;
			productRefGroup = EBD67BB62B78B8EB006C3886 /* Products */;
			projectDirPath = "";
			projectRoot = "";
			targets = (
				EBD67BB42B78B8EB006C3886 /* GetPosition */,
			);
		};
/* End PBXProject section */

/* Begin PBXResourcesBuildPhase section */
		EBD67BB32B78B8EB006C3886 /* Resources */ = {
			isa = PBXResourcesBuildPhase;
			buildActionMask = 2147483647;
			files = (
				EBD67BC42B78B8EC006C3886 /* Preview Assets.xcassets in Resources */,
				EBD67BC12B78B8EC006C3886 /* Assets.xcassets in Resources */,
				EB6080B22B79FB780092D51E /* Earth.usdz in Resources */,
				EB6080A92B79B9260092D51E /* Neptune.usdz in Resources */,
			);
			runOnlyForDeploymentPostprocessing = 0;
		};
/* End PBXResourcesBuildPhase section */

/* Begin PBXSourcesBuildPhase section */
		EBD67BB12B78B8EB006C3886 /* Sources */ = {
			isa = PBXSourcesBuildPhase;
			buildActionMask = 2147483647;
			files = (
				EB6080AB2B79D0310092D51E /* DragGestureView.swift in Sources */,
				EB6080AD2B79D0870092D51E /* HoverEffectView.swift in Sources */,
				EB6080B02B79FA810092D51E /* ModelHoverEffectView.swift in Sources */,
				EBD67BBF2B78B8EB006C3886 /* ContentView.swift in Sources */,
				EBD67BCC2B78BA0C006C3886 /* GetPointView.swift in Sources */,
				EBD67BBD2B78B8EB006C3886 /* GetPositionApp.swift in Sources */,
			);
			runOnlyForDeploymentPostprocessing = 0;
		};
/* End PBXSourcesBuildPhase section */

/* Begin XCBuildConfiguration section */
		EBD67BC62B78B8EC006C3886 /* Debug */ = {
			isa = XCBuildConfiguration;
			buildSettings = {
				ALWAYS_SEARCH_USER_PATHS = NO;
				ASSETCATALOG_COMPILER_GENERATE_SWIFT_ASSET_SYMBOL_EXTENSIONS = YES;
				CLANG_ANALYZER_NONNULL = YES;
				CLANG_ANALYZER_NUMBER_OBJECT_CONVERSION = YES_AGGRESSIVE;
				CLANG_CXX_LANGUAGE_STANDARD = "gnu++20";
				CLANG_ENABLE_MODULES = YES;
				CLANG_ENABLE_OBJC_ARC = YES;
				CLANG_ENABLE_OBJC_WEAK = YES;
				CLANG_WARN_BLOCK_CAPTURE_AUTORELEASING = YES;
				CLANG_WARN_BOOL_CONVERSION = YES;
				CLANG_WARN_COMMA = YES;
				CLANG_WARN_CONSTANT_CONVERSION = YES;
				CLANG_WARN_DEPRECATED_OBJC_IMPLEMENTATIONS = YES;
				CLANG_WARN_DIRECT_OBJC_ISA_USAGE = YES_ERROR;
				CLANG_WARN_DOCUMENTATION_COMMENTS = YES;
				CLANG_WARN_EMPTY_BODY = YES;
				CLANG_WARN_ENUM_CONVERSION = YES;
				CLANG_WARN_INFINITE_RECURSION = YES;
				CLANG_WARN_INT_CONVERSION = YES;
				CLANG_WARN_NON_LITERAL_NULL_CONVERSION = YES;
				CLANG_WARN_OBJC_IMPLICIT_RETAIN_SELF = YES;
				CLANG_WARN_OBJC_LITERAL_CONVERSION = YES;
				CLANG_WARN_OBJC_ROOT_CLASS = YES_ERROR;
				CLANG_WARN_QUOTED_INCLUDE_IN_FRAMEWORK_HEADER = YES;
				CLANG_WARN_RANGE_LOOP_ANALYSIS = YES;
				CLANG_WARN_STRICT_PROTOTYPES = YES;
				CLANG_WARN_SUSPICIOUS_MOVE = YES;
				CLANG_WARN_UNGUARDED_AVAILABILITY = YES_AGGRESSIVE;
				CLANG_WARN_UNREACHABLE_CODE = YES;
				CLANG_WARN__DUPLICATE_METHOD_MATCH = YES;
				COPY_PHASE_STRIP = NO;
				DEBUG_INFORMATION_FORMAT = dwarf;
				ENABLE_STRICT_OBJC_MSGSEND = YES;
				ENABLE_TESTABILITY = YES;
				ENABLE_USER_SCRIPT_SANDBOXING = YES;
				GCC_C_LANGUAGE_STANDARD = gnu17;
				GCC_DYNAMIC_NO_PIC = NO;
				GCC_NO_COMMON_BLOCKS = YES;
				GCC_OPTIMIZATION_LEVEL = 0;
				GCC_PREPROCESSOR_DEFINITIONS = (
					"DEBUG=1",
					"$(inherited)",
				);
				GCC_WARN_64_TO_32_BIT_CONVERSION = YES;
				GCC_WARN_ABOUT_RETURN_TYPE = YES_ERROR;
				GCC_WARN_UNDECLARED_SELECTOR = YES;
				GCC_WARN_UNINITIALIZED_AUTOS = YES_AGGRESSIVE;
				GCC_WARN_UNUSED_FUNCTION = YES;
				GCC_WARN_UNUSED_VARIABLE = YES;
				LOCALIZATION_PREFERS_STRING_CATALOGS = YES;
				MTL_ENABLE_DEBUG_INFO = INCLUDE_SOURCE;
				MTL_FAST_MATH = YES;
				ONLY_ACTIVE_ARCH = YES;
				SDKROOT = xros;
				SWIFT_ACTIVE_COMPILATION_CONDITIONS = "DEBUG $(inherited)";
				SWIFT_OPTIMIZATION_LEVEL = "-Onone";
				XROS_DEPLOYMENT_TARGET = 1.0;
			};
			name = Debug;
		};
		EBD67BC72B78B8EC006C3886 /* Release */ = {
			isa = XCBuildConfiguration;
			buildSettings = {
				ALWAYS_SEARCH_USER_PATHS = NO;
				ASSETCATALOG_COMPILER_GENERATE_SWIFT_ASSET_SYMBOL_EXTENSIONS = YES;
				CLANG_ANALYZER_NONNULL = YES;
				CLANG_ANALYZER_NUMBER_OBJECT_CONVERSION = YES_AGGRESSIVE;
				CLANG_CXX_LANGUAGE_STANDARD = "gnu++20";
				CLANG_ENABLE_MODULES = YES;
				CLANG_ENABLE_OBJC_ARC = YES;
				CLANG_ENABLE_OBJC_WEAK = YES;
				CLANG_WARN_BLOCK_CAPTURE_AUTORELEASING = YES;
				CLANG_WARN_BOOL_CONVERSION = YES;
				CLANG_WARN_COMMA = YES;
				CLANG_WARN_CONSTANT_CONVERSION = YES;
				CLANG_WARN_DEPRECATED_OBJC_IMPLEMENTATIONS = YES;
				CLANG_WARN_DIRECT_OBJC_ISA_USAGE = YES_ERROR;
				CLANG_WARN_DOCUMENTATION_COMMENTS = YES;
				CLANG_WARN_EMPTY_BODY = YES;
				CLANG_WARN_ENUM_CONVERSION = YES;
				CLANG_WARN_INFINITE_RECURSION = YES;
				CLANG_WARN_INT_CONVERSION = YES;
				CLANG_WARN_NON_LITERAL_NULL_CONVERSION = YES;
				CLANG_WARN_OBJC_IMPLICIT_RETAIN_SELF = YES;
				CLANG_WARN_OBJC_LITERAL_CONVERSION = YES;
				CLANG_WARN_OBJC_ROOT_CLASS = YES_ERROR;
				CLANG_WARN_QUOTED_INCLUDE_IN_FRAMEWORK_HEADER = YES;
				CLANG_WARN_RANGE_LOOP_ANALYSIS = YES;
				CLANG_WARN_STRICT_PROTOTYPES = YES;
				CLANG_WARN_SUSPICIOUS_MOVE = YES;
				CLANG_WARN_UNGUARDED_AVAILABILITY = YES_AGGRESSIVE;
				CLANG_WARN_UNREACHABLE_CODE = YES;
				CLANG_WARN__DUPLICATE_METHOD_MATCH = YES;
				COPY_PHASE_STRIP = NO;
				DEBUG_INFORMATION_FORMAT = "dwarf-with-dsym";
				ENABLE_NS_ASSERTIONS = NO;
				ENABLE_STRICT_OBJC_MSGSEND = YES;
				ENABLE_USER_SCRIPT_SANDBOXING = YES;
				GCC_C_LANGUAGE_STANDARD = gnu17;
				GCC_NO_COMMON_BLOCKS = YES;
				GCC_WARN_64_TO_32_BIT_CONVERSION = YES;
				GCC_WARN_ABOUT_RETURN_TYPE = YES_ERROR;
				GCC_WARN_UNDECLARED_SELECTOR = YES;
				GCC_WARN_UNINITIALIZED_AUTOS = YES_AGGRESSIVE;
				GCC_WARN_UNUSED_FUNCTION = YES;
				GCC_WARN_UNUSED_VARIABLE = YES;
				LOCALIZATION_PREFERS_STRING_CATALOGS = YES;
				MTL_ENABLE_DEBUG_INFO = NO;
				MTL_FAST_MATH = YES;
				SDKROOT = xros;
				SWIFT_COMPILATION_MODE = wholemodule;
				VALIDATE_PRODUCT = YES;
				XROS_DEPLOYMENT_TARGET = 1.0;
			};
			name = Release;
		};
		EBD67BC92B78B8EC006C3886 /* Debug */ = {
			isa = XCBuildConfiguration;
			buildSettings = {
				ASSETCATALOG_COMPILER_APPICON_NAME = AppIcon;
				ASSETCATALOG_COMPILER_GLOBAL_ACCENT_COLOR_NAME = AccentColor;
				CODE_SIGN_STYLE = Automatic;
				CURRENT_PROJECT_VERSION = 1;
				DEVELOPMENT_ASSET_PATHS = "\"GetPosition/Preview Content\"";
				DEVELOPMENT_TEAM = XXW387R7AD;
				ENABLE_PREVIEWS = YES;
				GENERATE_INFOPLIST_FILE = YES;
				INFOPLIST_FILE = "$(TARGET_NAME)/Info.plist";
				LD_RUNPATH_SEARCH_PATHS = (
					"$(inherited)",
					"@executable_path/Frameworks",
				);
				MARKETING_VERSION = 1.0;
				PRODUCT_BUNDLE_IDENTIFIER = ngish.GetPosition;
				PRODUCT_NAME = "$(TARGET_NAME)";
				SUPPORTED_PLATFORMS = "xros xrsimulator";
				SWIFT_EMIT_LOC_STRINGS = YES;
				SWIFT_VERSION = 5.0;
				TARGETED_DEVICE_FAMILY = "1,2,7";
			};
			name = Debug;
		};
		EBD67BCA2B78B8EC006C3886 /* Release */ = {
			isa = XCBuildConfiguration;
			buildSettings = {
				ASSETCATALOG_COMPILER_APPICON_NAME = AppIcon;
				ASSETCATALOG_COMPILER_GLOBAL_ACCENT_COLOR_NAME = AccentColor;
				CODE_SIGN_STYLE = Automatic;
				CURRENT_PROJECT_VERSION = 1;
				DEVELOPMENT_ASSET_PATHS = "\"GetPosition/Preview Content\"";
				DEVELOPMENT_TEAM = XXW387R7AD;
				ENABLE_PREVIEWS = YES;
				GENERATE_INFOPLIST_FILE = YES;
				INFOPLIST_FILE = "$(TARGET_NAME)/Info.plist";
				LD_RUNPATH_SEARCH_PATHS = (
					"$(inherited)",
					"@executable_path/Frameworks",
				);
				MARKETING_VERSION = 1.0;
				PRODUCT_BUNDLE_IDENTIFIER = ngish.GetPosition;
				PRODUCT_NAME = "$(TARGET_NAME)";
				SUPPORTED_PLATFORMS = "xros xrsimulator";
				SWIFT_EMIT_LOC_STRINGS = YES;
				SWIFT_VERSION = 5.0;
				TARGETED_DEVICE_FAMILY = "1,2,7";
			};
			name = Release;
		};
/* End XCBuildConfiguration section */

/* Begin XCConfigurationList section */
		EBD67BB02B78B8EB006C3886 /* Build configuration list for PBXProject "GetPosition" */ = {
			isa = XCConfigurationList;
			buildConfigurations = (
				EBD67BC62B78B8EC006C3886 /* Debug */,
				EBD67BC72B78B8EC006C3886 /* Release */,
			);
			defaultConfigurationIsVisible = 0;
			defaultConfigurationName = Release;
		};
		EBD67BC82B78B8EC006C3886 /* Build configuration list for PBXNativeTarget "GetPosition" */ = {
			isa = XCConfigurationList;
			buildConfigurations = (
				EBD67BC92B78B8EC006C3886 /* Debug */,
				EBD67BCA2B78B8EC006C3886 /* Release */,
			);
			defaultConfigurationIsVisible = 0;
			defaultConfigurationName = Release;
		};
/* End XCConfigurationList section */

/* Begin XCSwiftPackageProductDependency section */
		EBD67BBA2B78B8EB006C3886 /* RealityKitContent */ = {
			isa = XCSwiftPackageProductDependency;
			productName = RealityKitContent;
		};
/* End XCSwiftPackageProductDependency section */
	};
	rootObject = EBD67BAD2B78B8EB006C3886 /* Project object */;
}
